
Microsoft Visual Studio Solution File, Format Version 12.00
# Visual Studio Version 17
VisualStudioVersion = 17.2.32602.215
MinimumVisualStudioVersion = 10.0.40219.1
Project("{FAE04EC0-301F-11D3-BF4B-00C04F79EFBC}") = "ProgramSaldo-TheWayOfDapper", "ProgramSaldo-TheWayOfDapper.csproj", "{70DC0719-91BF-4EF4-9A57-5ABA6600C6C6}"
EndProject
Project("{FAE04EC0-301F-11D3-BF4B-00C04F79EFBC}") = "DapperDynamic", "DapperDynamic\DapperDynamic.csproj", "{450FB071-4340-454E-8028-93C926DE0A10}"
EndProject
Project("{FAE04EC0-301F-11D3-BF4B-00C04F79EFBC}") = "DapperDynamicTests", "DapperDynamicTests\DapperDynamicTests.csproj", "{DBAE6642-18DB-4349-AB95-9716ADF7651D}"
EndProject
Global
	GlobalSection(SolutionConfigurationPlatforms) = preSolution
		Debug|Any CPU = Debug|Any CPU
		Release|Any CPU = Release|Any CPU
	EndGlobalSection
	GlobalSection(ProjectConfigurationPlatforms) = postSolution
		{70DC0719-91BF-4EF4-9A57-5ABA6600C6C6}.Debug|Any CPU.ActiveCfg = Debug|Any CPU
		{70DC0719-91BF-4EF4-9A57-5ABA6600C6C6}.Debug|Any CPU.Build.0 = Debug|Any CPU
		{70DC0719-91BF-4EF4-9A57-5ABA6600C6C6}.Release|Any CPU.ActiveCfg = Release|Any CPU
		{70DC0719-91BF-4EF4-9A57-5ABA6600C6C6}.Release|Any CPU.Build.0 = Release|Any CPU
		{450FB071-4340-454E-8028-93C926DE0A10}.Debug|Any CPU.ActiveCfg = Debug|Any CPU
		{450FB071-4340-454E-8028-93C926DE0A10}.Debug|Any CPU.Build.0 = Debug|Any CPU
		{450FB071-4340-454E-8028-93C926DE0A10}.Release|Any CPU.ActiveCfg = Release|Any CPU
		{450FB071-4340-454E-8028-93C926DE0A10}.Release|Any CPU.Build.0 = Release|Any CPU
		{DBAE6642-18DB-4349-AB95-9716ADF7651D}.Debug|Any CPU.ActiveCfg = Debug|Any CPU
		{DBAE6642-18DB-4349-AB95-9716ADF7651D}.Debug|Any CPU.Build.0 = Debug|Any CPU
		{DBAE6642-18DB-4349-AB95-9716ADF7651D}.Release|Any CPU.ActiveCfg = Release|Any CPU
		{DBAE6642-18DB-4349-AB95-9716ADF7651D}.Release|Any CPU.Build.0 = Release|Any CPU
	EndGlobalSection
	GlobalSection(SolutionProperties) = preSolution
		HideSolutionNode = FALSE
	EndGlobalSection
	GlobalSection(ExtensibilityGlobals) = postSolution
		SolutionGuid = {393BFFF1-BAFC-45B2-9386-D0BDF768D29A}
	EndGlobalSection
EndGlobal
